# This file is autogenerated, do not edit; changes may be undone by the next 'dep ensure'.


[[projects]]
  name = "github.com/agtorre/gocolorize"
  packages = ["."]
  revision = "f42b554bf7f006936130c9bb4f971afd2d87f671"
  version = "v1.0.0"

[[projects]]
  name = "github.com/klauspost/compress"
  packages = ["flate","gzip","zlib"]
  revision = "6c8db69c4b49dd4df1fff66996cf556176d0b9bf"
  version = "v1.2.1"

[[projects]]
  name = "github.com/klauspost/cpuid"
  packages = ["."]
  revision = "ae7887de9fa5d2db4eaa8174a7eff2c1ac00f2da"
  version = "v1.1"

[[projects]]
  name = "github.com/klauspost/crc32"
  packages = ["."]
  revision = "cb6bfca970f6908083f26f39a79009d608efd5cd"
  version = "v1.1"

[[projects]]
  name = "github.com/revel/config"
  packages = ["."]
  revision = "662332b741dd464a886ab0901379c02b9bc5dc30"
  version = "v0.17"

[[projects]]
  name = "github.com/revel/modules"
  packages = ["static/app/controllers","testrunner/app","testrunner/app/controllers"]
  revision = "8c55c9a970cf5062eeb0368e809d6f27cffc28b0"
  version = "v0.17"

[[projects]]
  branch = "master"
  name = "github.com/revel/pathtree"
  packages = ["."]
  revision = "41257a1839e945fce74afd070e02bab2ea2c776a"

[[projects]]
  name = "github.com/revel/revel"
  packages = [".","testing"]
  revision = "6c8d554fd50278abe4a1c8ad50b811728d5f2a49"
  version = "v0.17.1"

[[projects]]
  branch = "master"
  name = "golang.org/x/net"
  packages = ["websocket"]
  revision = "1c05540f6879653db88113bc4a2b70aec4bd491f"

[[projects]]
  branch = "master"
  name = "golang.org/x/sys"
  packages = ["unix"]
  revision = "43e60d72a8e2bd92ee98319ba9a384a0e9837c08"

[[projects]]
  name = "gopkg.in/fsnotify.v1"
  packages = ["."]
  revision = "629574ca2a5df945712d3079857300b5e4da0236"
  version = "v1.4.2"

[solve-meta]
  analyzer-name = "dep"
  analyzer-version = 1
  inputs-digest = "9ccf888c786c32d01510704578fbeddc69b2e0f5f8ed9a47b3c1a3d3e6df30f4"
  solver-name = "gps-cdcl"
  solver-version = 1
